
Microsoft Visual Studio Solution File, Format Version 12.00
# Visual Studio Version 18
VisualStudioVersion = 18.11.12210.170 insiders
MinimumVisualStudioVersion = 10.0.40219.1
Project("{9A19103F-16F7-4668-BE54-9A1E7A4F7556}") = "NTSR.CafeManagement", "NTSR.CafeManagement\NTSR.CafeManagement.csproj", "{ECDF7B9E-DD7C-4DFA-931A-2A61932E4CFE}"
EndProject
Project("{9A19103F-16F7-4668-BE54-9A1E7A4F7556}") = "NTSR.Domain", "NTSR.Domain\NTSR.Domain.csproj", "{556D71B5-BC4E-43EB-B447-7E98B74604B0}"
EndProject
Project("{FAE04EC0-301F-11D3-BF4B-00C04F79EFBC}") = "NTSR.Infrastructure", "NTSR.Infrastructure\NTSR.Infrastructure.csproj", "{0BA90214-93CD-40CE-B4B8-E70C34F3B9C8}"
EndProject
Project("{FAE04EC0-301F-11D3-BF4B-00C04F79EFBC}") = "NTSR.Services", "NTSR.Services\NTSR.Services.csproj", "{59CD04BF-512B-4AAE-AA75-60C1E2B1A0BF}"
EndProject
Global
	GlobalSection(SolutionConfigurationPlatforms) = preSolution
		Debug|Any CPU = Debug|Any CPU
		Release|Any CPU = Release|Any CPU
	EndGlobalSection
	GlobalSection(ProjectConfigurationPlatforms) = postSolution
		{ECDF7B9E-DD7C-4DFA-931A-2A61932E4CFE}.Debug|Any CPU.ActiveCfg = Debug|Any CPU
		{ECDF7B9E-DD7C-4DFA-931A-2A61932E4CFE}.Debug|Any CPU.Build.0 = Debug|Any CPU
		{ECDF7B9E-DD7C-4DFA-931A-2A61932E4CFE}.Release|Any CPU.ActiveCfg = Release|Any CPU
		{ECDF7B9E-DD7C-4DFA-931A-2A61932E4CFE}.Release|Any CPU.Build.0 = Release|Any CPU
		{556D71B5-BC4E-43EB-B447-7E98B74604B0}.Debug|Any CPU.ActiveCfg = Debug|Any CPU
		{556D71B5-BC4E-43EB-B447-7E98B74604B0}.Debug|Any CPU.Build.0 = Debug|Any CPU
		{556D71B5-BC4E-43EB-B447-7E98B74604B0}.Release|Any CPU.ActiveCfg = Release|Any CPU
		{556D71B5-BC4E-43EB-B447-7E98B74604B0}.Release|Any CPU.Build.0 = Release|Any CPU
		{0BA90214-93CD-40CE-B4B8-E70C34F3B9C8}.Debug|Any CPU.ActiveCfg = Debug|Any CPU
		{0BA90214-93CD-40CE-B4B8-E70C34F3B9C8}.Debug|Any CPU.Build.0 = Debug|Any CPU
		{0BA90214-93CD-40CE-B4B8-E70C34F3B9C8}.Release|Any CPU.ActiveCfg = Release|Any CPU
		{0BA90214-93CD-40CE-B4B8-E70C34F3B9C8}.Release|Any CPU.Build.0 = Release|Any CPU
		{59CD04BF-512B-4AAE-AA75-60C1E2B1A0BF}.Debug|Any CPU.ActiveCfg = Debug|Any CPU
		{59CD04BF-512B-4AAE-AA75-60C1E2B1A0BF}.Debug|Any CPU.Build.0 = Debug|Any CPU
		{59CD04BF-512B-4AAE-AA75-60C1E2B1A0BF}.Release|Any CPU.ActiveCfg = Release|Any CPU
		{59CD04BF-512B-4AAE-AA75-60C1E2B1A0BF}.Release|Any CPU.Build.0 = Release|Any CPU
	EndGlobalSection
	GlobalSection(SolutionProperties) = preSolution
		HideSolutionNode = FALSE
	EndGlobalSection
	GlobalSection(ExtensibilityGlobals) = postSolution
		SolutionGuid = {036E5CD9-31C0-417C-846A-B656F8B1C476}
	EndGlobalSection
EndGlobal
